<?xml version="1.0" encoding="UTF-8"?>
<CONFIG>
  <ProjectOptions>
    <Version Value="12"/>
    <PathDelim Value="\"/>
    <General>
      <Flags>
        <CompatibilityMode Value="True"/>
      </Flags>
      <SessionStorage Value="InProjectDir"/>
      <Title Value="Freelancer: Sirius Revival Launcher"/>
      <Scaled Value="True"/>
      <ResourceType Value="res"/>
      <UseXPManifest Value="True"/>
      <XPManifest>
        <DpiAware Value="True"/>
        <TextDesc Value="Freelancer: Sirius Revival Launcher"/>
      </XPManifest>
      <Icon Value="0"/>
    </General>
    <i18n>
      <OutDir Value="languages"/>
    </i18n>
    <VersionInfo>
      <UseVersionInfo Value="True"/>
      <MajorVersionNr Value="1"/>
      <MinorVersionNr Value="6"/>
      <RevisionNr Value="1"/>
      <StringTable CompanyName="www.erikszeug.de" FileDescription="Freelancer: Sirius Revival Launcher" LegalCopyright="Skotty"/>
    </VersionInfo>
    <BuildModes Count="4">
      <Item1 Name="Debug" Default="True"/>
      <Item2 Name="Release Win 32">
        <CompilerOptions>
          <Version Value="11"/>
          <PathDelim Value="\"/>
          <Target>
            <Filename Value="FLSR-Launcher"/>
          </Target>
          <SearchPaths>
            <IncludeFiles Value="$(ProjOutDir)"/>
            <OtherUnitFiles Value="..\..\..\Synapse\source\lib;LZMA.442b;LZMA.442b\compression\LZMA;LZMA.442b\compression\RangeCoder;LZMA.442b\compression\LZ"/>
            <UnitOutputDirectory Value="lib\$(TargetCPU)-$(TargetOS)"/>
          </SearchPaths>
          <Parsing>
            <SyntaxOptions>
              <AllowLabel Value="False"/>
            </SyntaxOptions>
          </Parsing>
          <CodeGeneration>
            <SmartLinkUnit Value="True"/>
            <TargetCPU Value="i386"/>
            <TargetOS Value="win32"/>
            <Optimizations>
              <OptimizationLevel Value="3"/>
            </Optimizations>
            <SmallerCode Value="True"/>
          </CodeGeneration>
          <Linking>
            <Debugging>
              <GenerateDebugInfo Value="False"/>
              <DebugInfoType Value="dsDwarf2Set"/>
              <StripSymbols Value="True"/>
            </Debugging>
            <LinkSmart Value="True"/>
            <Options>
              <Win32>
                <GraphicApplication Value="True"/>
              </Win32>
            </Options>
          </Linking>
        </CompilerOptions>
      </Item2>
      <Item3 Name="Release Win 64">
        <CompilerOptions>
          <Version Value="11"/>
          <PathDelim Value="\"/>
          <Target>
            <Filename Value="FLSR-Launcher"/>
          </Target>
          <SearchPaths>
            <IncludeFiles Value="$(ProjOutDir)"/>
            <OtherUnitFiles Value="..\..\..\Synapse\source\lib;LZMA.442b;LZMA.442b\compression\LZMA;LZMA.442b\compression\RangeCoder;LZMA.442b\compression\LZ"/>
            <UnitOutputDirectory Value="lib\$(TargetCPU)-$(TargetOS)"/>
          </SearchPaths>
          <Parsing>
            <SyntaxOptions>
              <AllowLabel Value="False"/>
            </SyntaxOptions>
          </Parsing>
          <CodeGeneration>
            <SmartLinkUnit Value="True"/>
            <TargetProcessor Value="ATHLON64"/>
            <TargetCPU Value="x86_64"/>
            <TargetOS Value="win64"/>
            <Optimizations>
              <OptimizationLevel Value="3"/>
            </Optimizations>
            <SmallerCode Value="True"/>
          </CodeGeneration>
          <Linking>
            <Debugging>
              <GenerateDebugInfo Value="False"/>
              <DebugInfoType Value="dsDwarf2Set"/>
              <StripSymbols Value="True"/>
            </Debugging>
            <LinkSmart Value="True"/>
            <Options>
              <Win32>
                <GraphicApplication Value="True"/>
              </Win32>
            </Options>
          </Linking>
        </CompilerOptions>
      </Item3>
      <Item4 Name="Release Linux 64">
        <CompilerOptions>
          <Version Value="11"/>
          <PathDelim Value="\"/>
          <Target>
            <Filename Value="FLSR-Launcher"/>
          </Target>
          <SearchPaths>
            <IncludeFiles Value="$(ProjOutDir)"/>
            <OtherUnitFiles Value="..\..\..\Synapse\source\lib;LZMA.442b;LZMA.442b\compression\LZMA;LZMA.442b\compression\RangeCoder;LZMA.442b\compression\LZ"/>
            <UnitOutputDirectory Value="lib\$(TargetCPU)-$(TargetOS)"/>
          </SearchPaths>
          <Parsing>
            <SyntaxOptions>
              <AllowLabel Value="False"/>
            </SyntaxOptions>
          </Parsing>
          <CodeGeneration>
            <SmartLinkUnit Value="True"/>
            <TargetProcessor Value="ATHLON64"/>
            <TargetCPU Value="x86_64"/>
            <TargetOS Value="linux"/>
            <Optimizations>
              <OptimizationLevel Value="3"/>
            </Optimizations>
            <SmallerCode Value="True"/>
          </CodeGeneration>
          <Linking>
            <Debugging>
              <GenerateDebugInfo Value="False"/>
              <DebugInfoType Value="dsDwarf2Set"/>
              <StripSymbols Value="True"/>
            </Debugging>
            <LinkSmart Value="True"/>
            <Options>
              <Win32>
                <GraphicApplication Value="True"/>
              </Win32>
            </Options>
          </Linking>
        </CompilerOptions>
      </Item4>
    </BuildModes>
    <PublishOptions>
      <Version Value="2"/>
    </PublishOptions>
    <RunParams>
      <FormatVersion Value="2"/>
      <Modes Count="1">
        <Mode0 Name="default"/>
      </Modes>
    </RunParams>
    <RequiredPackages Count="3">
      <Item1>
        <PackageName Value="laz_synapse"/>
      </Item1>
      <Item2>
        <PackageName Value="FCL"/>
      </Item2>
      <Item3>
        <PackageName Value="LCL"/>
      </Item3>
    </RequiredPackages>
    <Units Count="26">
      <Unit0>
        <Filename Value="flsr_launcher.pas"/>
        <IsPartOfProject Value="True"/>
      </Unit0>
      <Unit1>
        <Filename Value="umainform.pas"/>
        <IsPartOfProject Value="True"/>
        <ComponentName Value="MainForm"/>
        <HasResources Value="True"/>
        <ResourceBaseClass Value="Form"/>
        <UnitName Value="UMainForm"/>
      </Unit1>
      <Unit2>
        <Filename Value="uupdate.pas"/>
        <IsPartOfProject Value="True"/>
        <UnitName Value="UUpdate"/>
      </Unit2>
      <Unit3>
        <Filename Value="uconfig.pas"/>
        <IsPartOfProject Value="True"/>
        <UnitName Value="UConfig"/>
      </Unit3>
      <Unit4>
        <Filename Value="uresolution.pas"/>
        <IsPartOfProject Value="True"/>
        <UnitName Value="UResolution"/>
      </Unit4>
      <Unit5>
        <Filename Value="ucompression.pas"/>
        <IsPartOfProject Value="True"/>
        <UnitName Value="UCompression"/>
      </Unit5>
      <Unit6>
        <Filename Value="unetwork.pas"/>
        <IsPartOfProject Value="True"/>
        <UnitName Value="UNetwork"/>
      </Unit6>
      <Unit7>
        <Filename Value="uerrorlog.pas"/>
        <IsPartOfProject Value="True"/>
        <UnitName Value="UErrorLog"/>
      </Unit7>
      <Unit8>
        <Filename Value="LZMA.442b\UBufferedFS.pas"/>
        <IsPartOfProject Value="True"/>
      </Unit8>
      <Unit9>
        <Filename Value="LZMA.442b\UCRC.pas"/>
        <IsPartOfProject Value="True"/>
      </Unit9>
      <Unit10>
        <Filename Value="LZMA.442b\ULZMAAlone.pas"/>
        <IsPartOfProject Value="True"/>
      </Unit10>
      <Unit11>
        <Filename Value="LZMA.442b\ULZMABench.pas"/>
        <IsPartOfProject Value="True"/>
      </Unit11>
      <Unit12>
        <Filename Value="LZMA.442b\compression\LZMA\ULZMABase.pas"/>
        <IsPartOfProject Value="True"/>
      </Unit12>
      <Unit13>
        <Filename Value="LZMA.442b\compression\LZMA\ULZMACommon.pas"/>
        <IsPartOfProject Value="True"/>
      </Unit13>
      <Unit14>
        <Filename Value="LZMA.442b\compression\LZMA\ULZMADecoder.pas"/>
        <IsPartOfProject Value="True"/>
      </Unit14>
      <Unit15>
        <Filename Value="LZMA.442b\compression\LZMA\ULZMAEncoder.pas"/>
        <IsPartOfProject Value="True"/>
      </Unit15>
      <Unit16>
        <Filename Value="LZMA.442b\compression\RangeCoder\UBitTreeDecoder.pas"/>
        <IsPartOfProject Value="True"/>
      </Unit16>
      <Unit17>
        <Filename Value="LZMA.442b\compression\RangeCoder\UBitTreeEncoder.pas"/>
        <IsPartOfProject Value="True"/>
      </Unit17>
      <Unit18>
        <Filename Value="LZMA.442b\compression\RangeCoder\URangeDecoder.pas"/>
        <IsPartOfProject Value="True"/>
      </Unit18>
      <Unit19>
        <Filename Value="LZMA.442b\compression\RangeCoder\URangeEncoder.pas"/>
        <IsPartOfProject Value="True"/>
      </Unit19>
      <Unit20>
        <Filename Value="LZMA.442b\compression\LZ\ULZBinTree.pas"/>
        <IsPartOfProject Value="True"/>
      </Unit20>
      <Unit21>
        <Filename Value="LZMA.442b\compression\LZ\ULZInWindow.pas"/>
        <IsPartOfProject Value="True"/>
      </Unit21>
      <Unit22>
        <Filename Value="LZMA.442b\compression\LZ\ULZOutWindow.pas"/>
        <IsPartOfProject Value="True"/>
      </Unit22>
      <Unit23>
        <Filename Value="uaccountconfig.pas"/>
        <IsPartOfProject Value="True"/>
        <UnitName Value="UAccountConfig"/>
      </Unit23>
      <Unit24>
        <Filename Value="uexepatch.pas"/>
        <IsPartOfProject Value="True"/>
        <UnitName Value="UExePatch"/>
      </Unit24>
      <Unit25>
        <Filename Value="urenameaccountform.pas"/>
        <IsPartOfProject Value="True"/>
        <ComponentName Value="RenameAccountForm"/>
        <HasResources Value="True"/>
        <ResourceBaseClass Value="Form"/>
        <UnitName Value="URenameAccountForm"/>
      </Unit25>
    </Units>
  </ProjectOptions>
  <CompilerOptions>
    <Version Value="11"/>
    <PathDelim Value="\"/>
    <Target>
      <Filename Value="FLSR-Launcher Debug"/>
    </Target>
    <SearchPaths>
      <IncludeFiles Value="$(ProjOutDir)"/>
      <OtherUnitFiles Value="..\..\..\Synapse\source\lib;LZMA.442b;LZMA.442b\compression\LZMA;LZMA.442b\compression\RangeCoder;LZMA.442b\compression\LZ"/>
      <UnitOutputDirectory Value="lib\$(TargetCPU)-$(TargetOS)"/>
    </SearchPaths>
    <Parsing>
      <SyntaxOptions>
        <IncludeAssertionCode Value="True"/>
        <CPPInline Value="False"/>
      </SyntaxOptions>
    </Parsing>
    <CodeGeneration>
      <Checks>
        <IOChecks Value="True"/>
        <RangeChecks Value="True"/>
        <OverflowChecks Value="True"/>
        <StackChecks Value="True"/>
      </Checks>
      <VerifyObjMethodCallValidity Value="True"/>
    </CodeGeneration>
    <Linking>
      <Debugging>
        <DebugInfoType Value="dsDwarf2Set"/>
        <UseHeaptrc Value="True"/>
        <TrashVariables Value="True"/>
        <UseValgrind Value="True"/>
      </Debugging>
    </Linking>
    <Other>
      <CustomOptions Value="-dDebug"/>
    </Other>
  </CompilerOptions>
  <Debugging>
    <Exceptions Count="3">
      <Item1>
        <Name Value="EAbort"/>
      </Item1>
      <Item2>
        <Name Value="ECodetoolError"/>
      </Item2>
      <Item3>
        <Name Value="EFOpenError"/>
      </Item3>
    </Exceptions>
  </Debugging>
</CONFIG>
